{
  "requires": true,
  "lockfileVersion": 1,
  "dependencies": {
    "@types/animejs": {
      "version": "2.0.0",
      "resolved": "https://registry.npmjs.org/@types/animejs/-/animejs-2.0.0.tgz",
      "integrity": "sha512-ftF0qNj3VcmJvbFSIR6wyKqmgpOxZJXCAhBgOzrRyPK/CzWSvKtFKDvflvMC9a2dr9/MpDNoMmrOBUOKBzj6Qw=="
    }
  }
}
